
Microsoft Visual Studio Solution File, Format Version 12.00
# Visual Studio Version 17
VisualStudioVersion = 17.5.33502.453
MinimumVisualStudioVersion = 10.0.40219.1
Project("{9A19103F-16F7-4668-BE54-9A1E7A4F7556}") = "DataAccess", "DataAccess\DataAccess.csproj", "{1F02BF5F-FFF1-4D49-A248-1B5DD8D8B9A7}"
EndProject
Project("{9A19103F-16F7-4668-BE54-9A1E7A4F7556}") = "Business", "Business\Business.csproj", "{B866F341-6461-4A1E-95A2-0C8A46BCBD06}"
EndProject
Project("{9A19103F-16F7-4668-BE54-9A1E7A4F7556}") = "Entities", "Entities\Entities.csproj", "{99B5A348-0609-4C13-9738-0FD00D814946}"
EndProject
Project("{9A19103F-16F7-4668-BE54-9A1E7A4F7556}") = "ConsoleUI", "ConsoleUI\ConsoleUI.csproj", "{0B9705C1-8115-40B0-AE3B-4E42DFE3DAFF}"
EndProject
Project("{FAE04EC0-301F-11D3-BF4B-00C04F79EFBC}") = "Core", "Core\Core.csproj", "{D06F49A0-BE31-408D-90DF-8EBB051C224E}"
EndProject
Global
	GlobalSection(SolutionConfigurationPlatforms) = preSolution
		Debug|Any CPU = Debug|Any CPU
		Release|Any CPU = Release|Any CPU
	EndGlobalSection
	GlobalSection(ProjectConfigurationPlatforms) = postSolution
		{1F02BF5F-FFF1-4D49-A248-1B5DD8D8B9A7}.Debug|Any CPU.ActiveCfg = Debug|Any CPU
		{1F02BF5F-FFF1-4D49-A248-1B5DD8D8B9A7}.Debug|Any CPU.Build.0 = Debug|Any CPU
		{1F02BF5F-FFF1-4D49-A248-1B5DD8D8B9A7}.Release|Any CPU.ActiveCfg = Release|Any CPU
		{1F02BF5F-FFF1-4D49-A248-1B5DD8D8B9A7}.Release|Any CPU.Build.0 = Release|Any CPU
		{B866F341-6461-4A1E-95A2-0C8A46BCBD06}.Debug|Any CPU.ActiveCfg = Debug|Any CPU
		{B866F341-6461-4A1E-95A2-0C8A46BCBD06}.Debug|Any CPU.Build.0 = Debug|Any CPU
		{B866F341-6461-4A1E-95A2-0C8A46BCBD06}.Release|Any CPU.ActiveCfg = Release|Any CPU
		{B866F341-6461-4A1E-95A2-0C8A46BCBD06}.Release|Any CPU.Build.0 = Release|Any CPU
		{99B5A348-0609-4C13-9738-0FD00D814946}.Debug|Any CPU.ActiveCfg = Debug|Any CPU
		{99B5A348-0609-4C13-9738-0FD00D814946}.Debug|Any CPU.Build.0 = Debug|Any CPU
		{99B5A348-0609-4C13-9738-0FD00D814946}.Release|Any CPU.ActiveCfg = Release|Any CPU
		{99B5A348-0609-4C13-9738-0FD00D814946}.Release|Any CPU.Build.0 = Release|Any CPU
		{0B9705C1-8115-40B0-AE3B-4E42DFE3DAFF}.Debug|Any CPU.ActiveCfg = Debug|Any CPU
		{0B9705C1-8115-40B0-AE3B-4E42DFE3DAFF}.Debug|Any CPU.Build.0 = Debug|Any CPU
		{0B9705C1-8115-40B0-AE3B-4E42DFE3DAFF}.Release|Any CPU.ActiveCfg = Release|Any CPU
		{0B9705C1-8115-40B0-AE3B-4E42DFE3DAFF}.Release|Any CPU.Build.0 = Release|Any CPU
		{D06F49A0-BE31-408D-90DF-8EBB051C224E}.Debug|Any CPU.ActiveCfg = Debug|Any CPU
		{D06F49A0-BE31-408D-90DF-8EBB051C224E}.Debug|Any CPU.Build.0 = Debug|Any CPU
		{D06F49A0-BE31-408D-90DF-8EBB051C224E}.Release|Any CPU.ActiveCfg = Release|Any CPU
		{D06F49A0-BE31-408D-90DF-8EBB051C224E}.Release|Any CPU.Build.0 = Release|Any CPU
	EndGlobalSection
	GlobalSection(SolutionProperties) = preSolution
		HideSolutionNode = FALSE
	EndGlobalSection
	GlobalSection(ExtensibilityGlobals) = postSolution
		SolutionGuid = {CD469730-E795-45A2-851B-CDDA6EE1CC6E}
	EndGlobalSection
EndGlobal
